// !$*UTF8*$!
{
	archiveVersion = 1;
	classes = {
	};
	objectVersion = 56;
	objects = {

/* Begin PBXBuildFile section */
		B6AE5EE32AE9A6320036942D /* Fetch_ThinhNguyenApp.swift in Sources */ = {isa = PBXBuildFile; fileRef = B6AE5EE22AE9A6320036942D /* Fetch_ThinhNguyenApp.swift */; };
		B6AE5EE52AE9A6320036942D /* ContentView.swift in Sources */ = {isa = PBXBuildFile; fileRef = B6AE5EE42AE9A6320036942D /* ContentView.swift */; };
		B6AE5EE72AE9A6320036942D /* Item.swift in Sources */ = {isa = PBXBuildFile; fileRef = B6AE5EE62AE9A6320036942D /* Item.swift */; };
		B6AE5EE92AE9A6330036942D /* Assets.xcassets in Resources */ = {isa = PBXBuildFile; fileRef = B6AE5EE82AE9A6330036942D /* Assets.xcassets */; };
		B6AE5EEC2AE9A6330036942D /* Preview Assets.xcassets in Resources */ = {isa = PBXBuildFile; fileRef = B6AE5EEB2AE9A6330036942D /* Preview Assets.xcassets */; };
		B6AE5EF82AE9A6330036942D /* Fetch_ThinhNguyenTests.swift in Sources */ = {isa = PBXBuildFile; fileRef = B6AE5EF72AE9A6330036942D /* Fetch_ThinhNguyenTests.swift */; };
		B6AE5F022AE9A6330036942D /* Fetch_ThinhNguyenUITests.swift in Sources */ = {isa = PBXBuildFile; fileRef = B6AE5F012AE9A6330036942D /* Fetch_ThinhNguyenUITests.swift */; };
		B6AE5F042AE9A6330036942D /* Fetch_ThinhNguyenUITestsLaunchTests.swift in Sources */ = {isa = PBXBuildFile; fileRef = B6AE5F032AE9A6330036942D /* Fetch_ThinhNguyenUITestsLaunchTests.swift */; };
/* End PBXBuildFile section */

/* Begin PBXContainerItemProxy section */
		B6AE5EF42AE9A6330036942D /* PBXContainerItemProxy */ = {
			isa = PBXContainerItemProxy;
			containerPortal = B6AE5ED72AE9A6320036942D /* Project object */;
			proxyType = 1;
			remoteGlobalIDString = B6AE5EDE2AE9A6320036942D;
			remoteInfo = Fetch_ThinhNguyen;
		};
		B6AE5EFE2AE9A6330036942D /* PBXContainerItemProxy */ = {
			isa = PBXContainerItemProxy;
			containerPortal = B6AE5ED72AE9A6320036942D /* Project object */;
			proxyType = 1;
			remoteGlobalIDString = B6AE5EDE2AE9A6320036942D;
			remoteInfo = Fetch_ThinhNguyen;
		};
/* End PBXContainerItemProxy section */

/* Begin PBXFileReference section */
		B6AE5EDF2AE9A6320036942D /* Fetch_ThinhNguyen.app */ = {isa = PBXFileReference; explicitFileType = wrapper.application; includeInIndex = 0; path = Fetch_ThinhNguyen.app; sourceTree = BUILT_PRODUCTS_DIR; };
		B6AE5EE22AE9A6320036942D /* Fetch_ThinhNguyenApp.swift */ = {isa = PBXFileReference; lastKnownFileType = sourcecode.swift; path = Fetch_ThinhNguyenApp.swift; sourceTree = "<group>"; };
		B6AE5EE42AE9A6320036942D /* ContentView.swift */ = {isa = PBXFileReference; lastKnownFileType = sourcecode.swift; path = ContentView.swift; sourceTree = "<group>"; };
		B6AE5EE62AE9A6320036942D /* Item.swift */ = {isa = PBXFileReference; lastKnownFileType = sourcecode.swift; path = Item.swift; sourceTree = "<group>"; };
		B6AE5EE82AE9A6330036942D /* Assets.xcassets */ = {isa = PBXFileReference; lastKnownFileType = folder.assetcatalog; path = Assets.xcassets; sourceTree = "<group>"; };
		B6AE5EEB2AE9A6330036942D /* Preview Assets.xcassets */ = {isa = PBXFileReference; lastKnownFileType = folder.assetcatalog; path = "Preview Assets.xcassets"; sourceTree = "<group>"; };
		B6AE5EED2AE9A6330036942D /* Fetch_ThinhNguyen.entitlements */ = {isa = PBXFileReference; lastKnownFileType = text.plist.entitlements; path = Fetch_ThinhNguyen.entitlements; sourceTree = "<group>"; };
		B6AE5EEE2AE9A6330036942D /* Info.plist */ = {isa = PBXFileReference; lastKnownFileType = text.plist.xml; path = Info.plist; sourceTree = "<group>"; };
		B6AE5EF32AE9A6330036942D /* Fetch_ThinhNguyenTests.xctest */ = {isa = PBXFileReference; explicitFileType = wrapper.cfbundle; includeInIndex = 0; path = Fetch_ThinhNguyenTests.xctest; sourceTree = BUILT_PRODUCTS_DIR; };
		B6AE5EF72AE9A6330036942D /* Fetch_ThinhNguyenTests.swift */ = {isa = PBXFileReference; lastKnownFileType = sourcecode.swift; path = Fetch_ThinhNguyenTests.swift; sourceTree = "<group>"; };
		B6AE5EFD2AE9A6330036942D /* Fetch_ThinhNguyenUITests.xctest */ = {isa = PBXFileReference; explicitFileType = wrapper.cfbundle; includeInIndex = 0; path = Fetch_ThinhNguyenUITests.xctest; sourceTree = BUILT_PRODUCTS_DIR; };
		B6AE5F012AE9A6330036942D /* Fetch_ThinhNguyenUITests.swift */ = {isa = PBXFileReference; lastKnownFileType = sourcecode.swift; path = Fetch_ThinhNguyenUITests.swift; sourceTree = "<group>"; };
		B6AE5F032AE9A6330036942D /* Fetch_ThinhNguyenUITestsLaunchTests.swift */ = {isa = PBXFileReference; lastKnownFileType = sourcecode.swift; path = Fetch_ThinhNguyenUITestsLaunchTests.swift; sourceTree = "<group>"; };
/* End PBXFileReference section */

/* Begin PBXFrameworksBuildPhase section */
		B6AE5EDC2AE9A6320036942D /* Frameworks */ = {
			isa = PBXFrameworksBuildPhase;
			buildActionMask = 2147483647;
			files = (
			);
			runOnlyForDeploymentPostprocessing = 0;
		};
		B6AE5EF02AE9A6330036942D /* Frameworks */ = {
			isa = PBXFrameworksBuildPhase;
			buildActionMask = 2147483647;
			files = (
			);
			runOnlyForDeploymentPostprocessing = 0;
		};
		B6AE5EFA2AE9A6330036942D /* Frameworks */ = {
			isa = PBXFrameworksBuildPhase;
			buildActionMask = 2147483647;
			files = (
			);
			runOnlyForDeploymentPostprocessing = 0;
		};
/* End PBXFrameworksBuildPhase section */

/* Begin PBXGroup section */
		B6AE5ED62AE9A6320036942D = {
			isa = PBXGroup;
			children = (
				B6AE5EE12AE9A6320036942D /* Fetch_ThinhNguyen */,
				B6AE5EF62AE9A6330036942D /* Fetch_ThinhNguyenTests */,
				B6AE5F002AE9A6330036942D /* Fetch_ThinhNguyenUITests */,
				B6AE5EE02AE9A6320036942D /* Products */,
			);
			sourceTree = "<group>";
		};
		B6AE5EE02AE9A6320036942D /* Products */ = {
			isa = PBXGroup;
			children = (
				B6AE5EDF2AE9A6320036942D /* Fetch_ThinhNguyen.app */,
				B6AE5EF32AE9A6330036942D /* Fetch_ThinhNguyenTests.xctest */,
				B6AE5EFD2AE9A6330036942D /* Fetch_ThinhNguyenUITests.xctest */,
			);
			name = Products;
			sourceTree = "<group>";
		};
		B6AE5EE12AE9A6320036942D /* Fetch_ThinhNguyen */ = {
			isa = PBXGroup;
			children = (
				B6AE5EE22AE9A6320036942D /* Fetch_ThinhNguyenApp.swift */,
				B6AE5EE42AE9A6320036942D /* ContentView.swift */,
				B6AE5EE62AE9A6320036942D /* Item.swift */,
				B6AE5EE82AE9A6330036942D /* Assets.xcassets */,
				B6AE5EED2AE9A6330036942D /* Fetch_ThinhNguyen.entitlements */,
				B6AE5EEE2AE9A6330036942D /* Info.plist */,
				B6AE5EEA2AE9A6330036942D /* Preview Content */,
			);
			path = Fetch_ThinhNguyen;
			sourceTree = "<group>";
		};
		B6AE5EEA2AE9A6330036942D /* Preview Content */ = {
			isa = PBXGroup;
			children = (
				B6AE5EEB2AE9A6330036942D /* Preview Assets.xcassets */,
			);
			path = "Preview Content";
			sourceTree = "<group>";
		};
		B6AE5EF62AE9A6330036942D /* Fetch_ThinhNguyenTests */ = {
			isa = PBXGroup;
			children = (
				B6AE5EF72AE9A6330036942D /* Fetch_ThinhNguyenTests.swift */,
			);
			path = Fetch_ThinhNguyenTests;
			sourceTree = "<group>";
		};
		B6AE5F002AE9A6330036942D /* Fetch_ThinhNguyenUITests */ = {
			isa = PBXGroup;
			children = (
				B6AE5F012AE9A6330036942D /* Fetch_ThinhNguyenUITests.swift */,
				B6AE5F032AE9A6330036942D /* Fetch_ThinhNguyenUITestsLaunchTests.swift */,
			);
			path = Fetch_ThinhNguyenUITests;
			sourceTree = "<group>";
		};
/* End PBXGroup section */

/* Begin PBXNativeTarget section */
		B6AE5EDE2AE9A6320036942D /* Fetch_ThinhNguyen */ = {
			isa = PBXNativeTarget;
			buildConfigurationList = B6AE5F072AE9A6330036942D /* Build configuration list for PBXNativeTarget "Fetch_ThinhNguyen" */;
			buildPhases = (
				B6AE5EDB2AE9A6320036942D /* Sources */,
				B6AE5EDC2AE9A6320036942D /* Frameworks */,
				B6AE5EDD2AE9A6320036942D /* Resources */,
			);
			buildRules = (
			);
			dependencies = (
			);
			name = Fetch_ThinhNguyen;
			productName = Fetch_ThinhNguyen;
			productReference = B6AE5EDF2AE9A6320036942D /* Fetch_ThinhNguyen.app */;
			productType = "com.apple.product-type.application";
		};
		B6AE5EF22AE9A6330036942D /* Fetch_ThinhNguyenTests */ = {
			isa = PBXNativeTarget;
			buildConfigurationList = B6AE5F0A2AE9A6330036942D /* Build configuration list for PBXNativeTarget "Fetch_ThinhNguyenTests" */;
			buildPhases = (
				B6AE5EEF2AE9A6330036942D /* Sources */,
				B6AE5EF02AE9A6330036942D /* Frameworks */,
				B6AE5EF12AE9A6330036942D /* Resources */,
			);
			buildRules = (
			);
			dependencies = (
				B6AE5EF52AE9A6330036942D /* PBXTargetDependency */,
			);
			name = Fetch_ThinhNguyenTests;
			productName = Fetch_ThinhNguyenTests;
			productReference = B6AE5EF32AE9A6330036942D /* Fetch_ThinhNguyenTests.xctest */;
			productType = "com.apple.product-type.bundle.unit-test";
		};
		B6AE5EFC2AE9A6330036942D /* Fetch_ThinhNguyenUITests */ = {
			isa = PBXNativeTarget;
			buildConfigurationList = B6AE5F0D2AE9A6330036942D /* Build configuration list for PBXNativeTarget "Fetch_ThinhNguyenUITests" */;
			buildPhases = (
				B6AE5EF92AE9A6330036942D /* Sources */,
				B6AE5EFA2AE9A6330036942D /* Frameworks */,
				B6AE5EFB2AE9A6330036942D /* Resources */,
			);
			buildRules = (
			);
			dependencies = (
				B6AE5EFF2AE9A6330036942D /* PBXTargetDependency */,
			);
			name = Fetch_ThinhNguyenUITests;
			productName = Fetch_ThinhNguyenUITests;
			productReference = B6AE5EFD2AE9A6330036942D /* Fetch_ThinhNguyenUITests.xctest */;
			productType = "com.apple.product-type.bundle.ui-testing";
		};
/* End PBXNativeTarget section */

/* Begin PBXProject section */
		B6AE5ED72AE9A6320036942D /* Project object */ = {
			isa = PBXProject;
			attributes = {
				BuildIndependentTargetsInParallel = 1;
				LastSwiftUpdateCheck = 1500;
				LastUpgradeCheck = 1500;
				TargetAttributes = {
					B6AE5EDE2AE9A6320036942D = {
						CreatedOnToolsVersion = 15.0.1;
					};
					B6AE5EF22AE9A6330036942D = {
						CreatedOnToolsVersion = 15.0.1;
						TestTargetID = B6AE5EDE2AE9A6320036942D;
					};
					B6AE5EFC2AE9A6330036942D = {
						CreatedOnToolsVersion = 15.0.1;
						TestTargetID = B6AE5EDE2AE9A6320036942D;
					};
				};
			};
			buildConfigurationList = B6AE5EDA2AE9A6320036942D /* Build configuration list for PBXProject "Fetch_ThinhNguyen" */;
			compatibilityVersion = "Xcode 14.0";
			developmentRegion = en;
			hasScannedForEncodings = 0;
			knownRegions = (
				en,
				Base,
			);
			mainGroup = B6AE5ED62AE9A6320036942D;
			productRefGroup = B6AE5EE02AE9A6320036942D /* Products */;
			projectDirPath = "";
			projectRoot = "";
			targets = (
				B6AE5EDE2AE9A6320036942D /* Fetch_ThinhNguyen */,
				B6AE5EF22AE9A6330036942D /* Fetch_ThinhNguyenTests */,
				B6AE5EFC2AE9A6330036942D /* Fetch_ThinhNguyenUITests */,
			);
		};
/* End PBXProject section */

/* Begin PBXResourcesBuildPhase section */
		B6AE5EDD2AE9A6320036942D /* Resources */ = {
			isa = PBXResourcesBuildPhase;
			buildActionMask = 2147483647;
			files = (
				B6AE5EEC2AE9A6330036942D /* Preview Assets.xcassets in Resources */,
				B6AE5EE92AE9A6330036942D /* Assets.xcassets in Resources */,
			);
			runOnlyForDeploymentPostprocessing = 0;
		};
		B6AE5EF12AE9A6330036942D /* Resources */ = {
			isa = PBXResourcesBuildPhase;
			buildActionMask = 2147483647;
			files = (
			);
			runOnlyForDeploymentPostprocessing = 0;
		};
		B6AE5EFB2AE9A6330036942D /* Resources */ = {
			isa = PBXResourcesBuildPhase;
			buildActionMask = 2147483647;
			files = (
			);
			runOnlyForDeploymentPostprocessing = 0;
		};
/* End PBXResourcesBuildPhase section */

/* Begin PBXSourcesBuildPhase section */
		B6AE5EDB2AE9A6320036942D /* Sources */ = {
			isa = PBXSourcesBuildPhase;
			buildActionMask = 2147483647;
			files = (
				B6AE5EE52AE9A6320036942D /* ContentView.swift in Sources */,
				B6AE5EE72AE9A6320036942D /* Item.swift in Sources */,
				B6AE5EE32AE9A6320036942D /* Fetch_ThinhNguyenApp.swift in Sources */,
			);
			runOnlyForDeploymentPostprocessing = 0;
		};
		B6AE5EEF2AE9A6330036942D /* Sources */ = {
			isa = PBXSourcesBuildPhase;
			buildActionMask = 2147483647;
			files = (
				B6AE5EF82AE9A6330036942D /* Fetch_ThinhNguyenTests.swift in Sources */,
			);
			runOnlyForDeploymentPostprocessing = 0;
		};
		B6AE5EF92AE9A6330036942D /* Sources */ = {
			isa = PBXSourcesBuildPhase;
			buildActionMask = 2147483647;
			files = (
				B6AE5F022AE9A6330036942D /* Fetch_ThinhNguyenUITests.swift in Sources */,
				B6AE5F042AE9A6330036942D /* Fetch_ThinhNguyenUITestsLaunchTests.swift in Sources */,
			);
			runOnlyForDeploymentPostprocessing = 0;
		};
/* End PBXSourcesBuildPhase section */

/* Begin PBXTargetDependency section */
		B6AE5EF52AE9A6330036942D /* PBXTargetDependency */ = {
			isa = PBXTargetDependency;
			target = B6AE5EDE2AE9A6320036942D /* Fetch_ThinhNguyen */;
			targetProxy = B6AE5EF42AE9A6330036942D /* PBXContainerItemProxy */;
		};
		B6AE5EFF2AE9A6330036942D /* PBXTargetDependency */ = {
			isa = PBXTargetDependency;
			target = B6AE5EDE2AE9A6320036942D /* Fetch_ThinhNguyen */;
			targetProxy = B6AE5EFE2AE9A6330036942D /* PBXContainerItemProxy */;
		};
/* End PBXTargetDependency section */

/* Begin XCBuildConfiguration section */
		B6AE5F052AE9A6330036942D /* Debug */ = {
			isa = XCBuildConfiguration;
			buildSettings = {
				ALWAYS_SEARCH_USER_PATHS = NO;
				ASSETCATALOG_COMPILER_GENERATE_SWIFT_ASSET_SYMBOL_EXTENSIONS = YES;
				CLANG_ANALYZER_NONNULL = YES;
				CLANG_ANALYZER_NUMBER_OBJECT_CONVERSION = YES_AGGRESSIVE;
				CLANG_CXX_LANGUAGE_STANDARD = "gnu++20";
				CLANG_ENABLE_MODULES = YES;
				CLANG_ENABLE_OBJC_ARC = YES;
				CLANG_ENABLE_OBJC_WEAK = YES;
				CLANG_WARN_BLOCK_CAPTURE_AUTORELEASING = YES;
				CLANG_WARN_BOOL_CONVERSION = YES;
				CLANG_WARN_COMMA = YES;
				CLANG_WARN_CONSTANT_CONVERSION = YES;
				CLANG_WARN_DEPRECATED_OBJC_IMPLEMENTATIONS = YES;
				CLANG_WARN_DIRECT_OBJC_ISA_USAGE = YES_ERROR;
				CLANG_WARN_DOCUMENTATION_COMMENTS = YES;
				CLANG_WARN_EMPTY_BODY = YES;
				CLANG_WARN_ENUM_CONVERSION = YES;
				CLANG_WARN_INFINITE_RECURSION = YES;
				CLANG_WARN_INT_CONVERSION = YES;
				CLANG_WARN_NON_LITERAL_NULL_CONVERSION = YES;
				CLANG_WARN_OBJC_IMPLICIT_RETAIN_SELF = YES;
				CLANG_WARN_OBJC_LITERAL_CONVERSION = YES;
				CLANG_WARN_OBJC_ROOT_CLASS = YES_ERROR;
				CLANG_WARN_QUOTED_INCLUDE_IN_FRAMEWORK_HEADER = YES;
				CLANG_WARN_RANGE_LOOP_ANALYSIS = YES;
				CLANG_WARN_STRICT_PROTOTYPES = YES;
				CLANG_WARN_SUSPICIOUS_MOVE = YES;
				CLANG_WARN_UNGUARDED_AVAILABILITY = YES_AGGRESSIVE;
				CLANG_WARN_UNREACHABLE_CODE = YES;
				CLANG_WARN__DUPLICATE_METHOD_MATCH = YES;
				COPY_PHASE_STRIP = NO;
				DEBUG_INFORMATION_FORMAT = dwarf;
				ENABLE_STRICT_OBJC_MSGSEND = YES;
				ENABLE_TESTABILITY = YES;
				ENABLE_USER_SCRIPT_SANDBOXING = YES;
				GCC_C_LANGUAGE_STANDARD = gnu17;
				GCC_DYNAMIC_NO_PIC = NO;
				GCC_NO_COMMON_BLOCKS = YES;
				GCC_OPTIMIZATION_LEVEL = 0;
				GCC_PREPROCESSOR_DEFINITIONS = (
					"DEBUG=1",
					"$(inherited)",
				);
				GCC_WARN_64_TO_32_BIT_CONVERSION = YES;
				GCC_WARN_ABOUT_RETURN_TYPE = YES_ERROR;
				GCC_WARN_UNDECLARED_SELECTOR = YES;
				GCC_WARN_UNINITIALIZED_AUTOS = YES_AGGRESSIVE;
				GCC_WARN_UNUSED_FUNCTION = YES;
				GCC_WARN_UNUSED_VARIABLE = YES;
				IPHONEOS_DEPLOYMENT_TARGET = 17.0;
				LOCALIZATION_PREFERS_STRING_CATALOGS = YES;
				MTL_ENABLE_DEBUG_INFO = INCLUDE_SOURCE;
				MTL_FAST_MATH = YES;
				ONLY_ACTIVE_ARCH = YES;
				SDKROOT = iphoneos;
				SWIFT_ACTIVE_COMPILATION_CONDITIONS = "DEBUG $(inherited)";
				SWIFT_OPTIMIZATION_LEVEL = "-Onone";
			};
			name = Debug;
		};
		B6AE5F062AE9A6330036942D /* Release */ = {
			isa = XCBuildConfiguration;
			buildSettings = {
				ALWAYS_SEARCH_USER_PATHS = NO;
				ASSETCATALOG_COMPILER_GENERATE_SWIFT_ASSET_SYMBOL_EXTENSIONS = YES;
				CLANG_ANALYZER_NONNULL = YES;
				CLANG_ANALYZER_NUMBER_OBJECT_CONVERSION = YES_AGGRESSIVE;
				CLANG_CXX_LANGUAGE_STANDARD = "gnu++20";
				CLANG_ENABLE_MODULES = YES;
				CLANG_ENABLE_OBJC_ARC = YES;
				CLANG_ENABLE_OBJC_WEAK = YES;
				CLANG_WARN_BLOCK_CAPTURE_AUTORELEASING = YES;
				CLANG_WARN_BOOL_CONVERSION = YES;
				CLANG_WARN_COMMA = YES;
				CLANG_WARN_CONSTANT_CONVERSION = YES;
				CLANG_WARN_DEPRECATED_OBJC_IMPLEMENTATIONS = YES;
				CLANG_WARN_DIRECT_OBJC_ISA_USAGE = YES_ERROR;
				CLANG_WARN_DOCUMENTATION_COMMENTS = YES;
				CLANG_WARN_EMPTY_BODY = YES;
				CLANG_WARN_ENUM_CONVERSION = YES;
				CLANG_WARN_INFINITE_RECURSION = YES;
				CLANG_WARN_INT_CONVERSION = YES;
				CLANG_WARN_NON_LITERAL_NULL_CONVERSION = YES;
				CLANG_WARN_OBJC_IMPLICIT_RETAIN_SELF = YES;
				CLANG_WARN_OBJC_LITERAL_CONVERSION = YES;
				CLANG_WARN_OBJC_ROOT_CLASS = YES_ERROR;
				CLANG_WARN_QUOTED_INCLUDE_IN_FRAMEWORK_HEADER = YES;
				CLANG_WARN_RANGE_LOOP_ANALYSIS = YES;
				CLANG_WARN_STRICT_PROTOTYPES = YES;
				CLANG_WARN_SUSPICIOUS_MOVE = YES;
				CLANG_WARN_UNGUARDED_AVAILABILITY = YES_AGGRESSIVE;
				CLANG_WARN_UNREACHABLE_CODE = YES;
				CLANG_WARN__DUPLICATE_METHOD_MATCH = YES;
				COPY_PHASE_STRIP = NO;
				DEBUG_INFORMATION_FORMAT = "dwarf-with-dsym";
				ENABLE_NS_ASSERTIONS = NO;
				ENABLE_STRICT_OBJC_MSGSEND = YES;
				ENABLE_USER_SCRIPT_SANDBOXING = YES;
				GCC_C_LANGUAGE_STANDARD = gnu17;
				GCC_NO_COMMON_BLOCKS = YES;
				GCC_WARN_64_TO_32_BIT_CONVERSION = YES;
				GCC_WARN_ABOUT_RETURN_TYPE = YES_ERROR;
				GCC_WARN_UNDECLARED_SELECTOR = YES;
				GCC_WARN_UNINITIALIZED_AUTOS = YES_AGGRESSIVE;
				GCC_WARN_UNUSED_FUNCTION = YES;
				GCC_WARN_UNUSED_VARIABLE = YES;
				IPHONEOS_DEPLOYMENT_TARGET = 17.0;
				LOCALIZATION_PREFERS_STRING_CATALOGS = YES;
				MTL_ENABLE_DEBUG_INFO = NO;
				MTL_FAST_MATH = YES;
				SDKROOT = iphoneos;
				SWIFT_COMPILATION_MODE = wholemodule;
				VALIDATE_PRODUCT = YES;
			};
			name = Release;
		};
		B6AE5F082AE9A6330036942D /* Debug */ = {
			isa = XCBuildConfiguration;
			buildSettings = {
				ASSETCATALOG_COMPILER_APPICON_NAME = AppIcon;
				ASSETCATALOG_COMPILER_GLOBAL_ACCENT_COLOR_NAME = AccentColor;
				CODE_SIGN_ENTITLEMENTS = Fetch_ThinhNguyen/Fetch_ThinhNguyen.entitlements;
				CODE_SIGN_STYLE = Automatic;
				CURRENT_PROJECT_VERSION = 1;
				DEVELOPMENT_ASSET_PATHS = "\"Fetch_ThinhNguyen/Preview Content\"";
				DEVELOPMENT_TEAM = 4939K9623X;
				ENABLE_PREVIEWS = YES;
				GENERATE_INFOPLIST_FILE = YES;
				INFOPLIST_FILE = Fetch_ThinhNguyen/Info.plist;
				INFOPLIST_KEY_UIApplicationSceneManifest_Generation = YES;
				INFOPLIST_KEY_UIApplicationSupportsIndirectInputEvents = YES;
				INFOPLIST_KEY_UILaunchScreen_Generation = YES;
				INFOPLIST_KEY_UISupportedInterfaceOrientations_iPad = "UIInterfaceOrientationPortrait UIInterfaceOrientationPortraitUpsideDown UIInterfaceOrientationLandscapeLeft UIInterfaceOrientationLandscapeRight";
				INFOPLIST_KEY_UISupportedInterfaceOrientations_iPhone = "UIInterfaceOrientationPortrait UIInterfaceOrientationLandscapeLeft UIInterfaceOrientationLandscapeRight";
				LD_RUNPATH_SEARCH_PATHS = (
					"$(inherited)",
					"@executable_path/Frameworks",
				);
				MARKETING_VERSION = 1.0;
				PRODUCT_BUNDLE_IDENTIFIER = "soon.thinhnguyen.Fetch-ThinhNguyen";
				PRODUCT_NAME = "$(TARGET_NAME)";
				SWIFT_EMIT_LOC_STRINGS = YES;
				SWIFT_VERSION = 5.0;
				TARGETED_DEVICE_FAMILY = "1,2";
			};
			name = Debug;
		};
		B6AE5F092AE9A6330036942D /* Release */ = {
			isa = XCBuildConfiguration;
			buildSettings = {
				ASSETCATALOG_COMPILER_APPICON_NAME = AppIcon;
				ASSETCATALOG_COMPILER_GLOBAL_ACCENT_COLOR_NAME = AccentColor;
				CODE_SIGN_ENTITLEMENTS = Fetch_ThinhNguyen/Fetch_ThinhNguyen.entitlements;
				CODE_SIGN_STYLE = Automatic;
				CURRENT_PROJECT_VERSION = 1;
				DEVELOPMENT_ASSET_PATHS = "\"Fetch_ThinhNguyen/Preview Content\"";
				DEVELOPMENT_TEAM = 4939K9623X;
				ENABLE_PREVIEWS = YES;
				GENERATE_INFOPLIST_FILE = YES;
				INFOPLIST_FILE = Fetch_ThinhNguyen/Info.plist;
				INFOPLIST_KEY_UIApplicationSceneManifest_Generation = YES;
				INFOPLIST_KEY_UIApplicationSupportsIndirectInputEvents = YES;
				INFOPLIST_KEY_UILaunchScreen_Generation = YES;
				INFOPLIST_KEY_UISupportedInterfaceOrientations_iPad = "UIInterfaceOrientationPortrait UIInterfaceOrientationPortraitUpsideDown UIInterfaceOrientationLandscapeLeft UIInterfaceOrientationLandscapeRight";
				INFOPLIST_KEY_UISupportedInterfaceOrientations_iPhone = "UIInterfaceOrientationPortrait UIInterfaceOrientationLandscapeLeft UIInterfaceOrientationLandscapeRight";
				LD_RUNPATH_SEARCH_PATHS = (
					"$(inherited)",
					"@executable_path/Frameworks",
				);
				MARKETING_VERSION = 1.0;
				PRODUCT_BUNDLE_IDENTIFIER = "soon.thinhnguyen.Fetch-ThinhNguyen";
				PRODUCT_NAME = "$(TARGET_NAME)";
				SWIFT_EMIT_LOC_STRINGS = YES;
				SWIFT_VERSION = 5.0;
				TARGETED_DEVICE_FAMILY = "1,2";
			};
			name = Release;
		};
		B6AE5F0B2AE9A6330036942D /* Debug */ = {
			isa = XCBuildConfiguration;
			buildSettings = {
				ALWAYS_EMBED_SWIFT_STANDARD_LIBRARIES = YES;
				BUNDLE_LOADER = "$(TEST_HOST)";
				CODE_SIGN_STYLE = Automatic;
				CURRENT_PROJECT_VERSION = 1;
				DEVELOPMENT_TEAM = 4939K9623X;
				GENERATE_INFOPLIST_FILE = YES;
				IPHONEOS_DEPLOYMENT_TARGET = 17.0;
				MARKETING_VERSION = 1.0;
				PRODUCT_BUNDLE_IDENTIFIER = "soon.thinhnguyen.Fetch-ThinhNguyenTests";
				PRODUCT_NAME = "$(TARGET_NAME)";
				SWIFT_EMIT_LOC_STRINGS = NO;
				SWIFT_VERSION = 5.0;
				TARGETED_DEVICE_FAMILY = "1,2";
				TEST_HOST = "$(BUILT_PRODUCTS_DIR)/Fetch_ThinhNguyen.app/$(BUNDLE_EXECUTABLE_FOLDER_PATH)/Fetch_ThinhNguyen";
			};
			name = Debug;
		};
		B6AE5F0C2AE9A6330036942D /* Release */ = {
			isa = XCBuildConfiguration;
			buildSettings = {
				ALWAYS_EMBED_SWIFT_STANDARD_LIBRARIES = YES;
				BUNDLE_LOADER = "$(TEST_HOST)";
				CODE_SIGN_STYLE = Automatic;
				CURRENT_PROJECT_VERSION = 1;
				DEVELOPMENT_TEAM = 4939K9623X;
				GENERATE_INFOPLIST_FILE = YES;
				IPHONEOS_DEPLOYMENT_TARGET = 17.0;
				MARKETING_VERSION = 1.0;
				PRODUCT_BUNDLE_IDENTIFIER = "soon.thinhnguyen.Fetch-ThinhNguyenTests";
				PRODUCT_NAME = "$(TARGET_NAME)";
				SWIFT_EMIT_LOC_STRINGS = NO;
				SWIFT_VERSION = 5.0;
				TARGETED_DEVICE_FAMILY = "1,2";
				TEST_HOST = "$(BUILT_PRODUCTS_DIR)/Fetch_ThinhNguyen.app/$(BUNDLE_EXECUTABLE_FOLDER_PATH)/Fetch_ThinhNguyen";
			};
			name = Release;
		};
		B6AE5F0E2AE9A6330036942D /* Debug */ = {
			isa = XCBuildConfiguration;
			buildSettings = {
				ALWAYS_EMBED_SWIFT_STANDARD_LIBRARIES = YES;
				CODE_SIGN_STYLE = Automatic;
				CURRENT_PROJECT_VERSION = 1;
				DEVELOPMENT_TEAM = 4939K9623X;
				GENERATE_INFOPLIST_FILE = YES;
				MARKETING_VERSION = 1.0;
				PRODUCT_BUNDLE_IDENTIFIER = "soon.thinhnguyen.Fetch-ThinhNguyenUITests";
				PRODUCT_NAME = "$(TARGET_NAME)";
				SWIFT_EMIT_LOC_STRINGS = NO;
				SWIFT_VERSION = 5.0;
				TARGETED_DEVICE_FAMILY = "1,2";
				TEST_TARGET_NAME = Fetch_ThinhNguyen;
			};
			name = Debug;
		};
		B6AE5F0F2AE9A6330036942D /* Release */ = {
			isa = XCBuildConfiguration;
			buildSettings = {
				ALWAYS_EMBED_SWIFT_STANDARD_LIBRARIES = YES;
				CODE_SIGN_STYLE = Automatic;
				CURRENT_PROJECT_VERSION = 1;
				DEVELOPMENT_TEAM = 4939K9623X;
				GENERATE_INFOPLIST_FILE = YES;
				MARKETING_VERSION = 1.0;
				PRODUCT_BUNDLE_IDENTIFIER = "soon.thinhnguyen.Fetch-ThinhNguyenUITests";
				PRODUCT_NAME = "$(TARGET_NAME)";
				SWIFT_EMIT_LOC_STRINGS = NO;
				SWIFT_VERSION = 5.0;
				TARGETED_DEVICE_FAMILY = "1,2";
				TEST_TARGET_NAME = Fetch_ThinhNguyen;
			};
			name = Release;
		};
/* End XCBuildConfiguration section */

/* Begin XCConfigurationList section */
		B6AE5EDA2AE9A6320036942D /* Build configuration list for PBXProject "Fetch_ThinhNguyen" */ = {
			isa = XCConfigurationList;
			buildConfigurations = (
				B6AE5F052AE9A6330036942D /* Debug */,
				B6AE5F062AE9A6330036942D /* Release */,
			);
			defaultConfigurationIsVisible = 0;
			defaultConfigurationName = Release;
		};
		B6AE5F072AE9A6330036942D /* Build configuration list for PBXNativeTarget "Fetch_ThinhNguyen" */ = {
			isa = XCConfigurationList;
			buildConfigurations = (
				B6AE5F082AE9A6330036942D /* Debug */,
				B6AE5F092AE9A6330036942D /* Release */,
			);
			defaultConfigurationIsVisible = 0;
			defaultConfigurationName = Release;
		};
		B6AE5F0A2AE9A6330036942D /* Build configuration list for PBXNativeTarget "Fetch_ThinhNguyenTests" */ = {
			isa = XCConfigurationList;
			buildConfigurations = (
				B6AE5F0B2AE9A6330036942D /* Debug */,
				B6AE5F0C2AE9A6330036942D /* Release */,
			);
			defaultConfigurationIsVisible = 0;
			defaultConfigurationName = Release;
		};
		B6AE5F0D2AE9A6330036942D /* Build configuration list for PBXNativeTarget "Fetch_ThinhNguyenUITests" */ = {
			isa = XCConfigurationList;
			buildConfigurations = (
				B6AE5F0E2AE9A6330036942D /* Debug */,
				B6AE5F0F2AE9A6330036942D /* Release */,
			);
			defaultConfigurationIsVisible = 0;
			defaultConfigurationName = Release;
		};
/* End XCConfigurationList section */
	};
	rootObject = B6AE5ED72AE9A6320036942D /* Project object */;
}
